<Solution>
  <Folder Name="/backend/">
    <Project Path="backend/MeetingMinutesAI.Api/MeetingMinutesAI.Api.csproj" />
  </Folder>
  <Folder Name="/tests/" />
  <Folder Name="/tests/backend/">
    <Project Path="tests/backend/MeetingMinutesAI.Api.Tests/MeetingMinutesAI.Api.Tests.csproj" />
  </Folder>
</Solution>
